<?xml version="1.0" encoding="UTF-8" standalone="yes" ?>
<CodeBlocks_project_file>
	<FileVersion major="1" minor="6" />
	<Project>
		<Option title="glonassd" />
		<Option platforms="Unix;" />
		<Option makefile_is_custom="1" />
		<Option pch_mode="2" />
		<Option compiler="gcc" />
		<Build>
			<Target title="Release">
				<Option platforms="Unix;" />
				<Option output="bin/Release/glonassd" prefix_auto="1" extension_auto="1" />
				<Option object_output="obj/Release/" />
				<Option type="1" />
				<Option compiler="gcc" />
				<Compiler>
					<Add option="-O2" />
				</Compiler>
				<Linker>
					<Add option="-s" />
				</Linker>
				<MakeCommands>
					<Build command="$make -f $makefile -B all" />
					<CompileFile command="make -B glonassd" />
					<Clean command="$make -f $makefile clean$target" />
					<DistClean command="$make -f $makefile distclean$target" />
					<AskRebuildNeeded command="$make -q -f $makefile $target" />
					<SilentBuild command="$make -f $makefile -B all &gt; $(CMD_NULL)" />
				</MakeCommands>
			</Target>
		</Build>
		<Compiler>
			<Add option="-Wall" />
		</Compiler>
		<Unit filename="arnavi.c">
			<Option compilerVar="CC" />
			<Option compiler="gcc" use="1" buildCommand="make -B arnavi" />
		</Unit>
		<Unit filename="arnavi.h" />
		<Unit filename="de.h" />
		<Unit filename="egts.c">
			<Option compilerVar="CC" />
			<Option compiler="gcc" use="1" buildCommand="make -B egts" />
		</Unit>
		<Unit filename="egts.h" />
		<Unit filename="fava.c">
			<Option compilerVar="CC" />
			<Option compiler="gcc" use="1" buildCommand="make -B fava" />
		</Unit>
		<Unit filename="favw.c">
			<Option compilerVar="CC" />
			<Option compiler="gcc" use="1" buildCommand="make -B favw" />
		</Unit>
		<Unit filename="forward.conf" />
		<Unit filename="forwarder.c">
			<Option compilerVar="CC" />
			<Option compiler="gcc" use="1" buildCommand="make -B glonassd" />
		</Unit>
		<Unit filename="forwarder.h" />
		<Unit filename="galileo.c">
			<Option compilerVar="CC" />
			<Option compiler="gcc" use="1" buildCommand="make -B galileo" />
		</Unit>
		<Unit filename="glonassd.c">
			<Option compilerVar="CC" />
			<Option compiler="gcc" use="1" buildCommand="make -B glonassd" />
		</Unit>
		<Unit filename="glonassd.conf" />
		<Unit filename="glonassd.h" />
		<Unit filename="gps103.c">
			<Option compilerVar="CC" />
			<Option compiler="gcc" use="1" buildCommand="make -B gps103" />
		</Unit>
		<Unit filename="kernel.txt" />
		<Unit filename="lib.c">
			<Option compilerVar="CC" />
			<Option compiler="gcc" use="1" buildCommand="make -B glonassd" />
		</Unit>
		<Unit filename="lib.h" />
		<Unit filename="loadconfig.c">
			<Option compilerVar="CC" />
			<Option compiler="gcc" use="1" buildCommand="make -B glonassd" />
		</Unit>
		<Unit filename="logger.c">
			<Option compilerVar="CC" />
			<Option compiler="gcc" use="1" buildCommand="make -B glonassd" />
		</Unit>
		<Unit filename="logger.h" />
		<Unit filename="nts.c">
			<Option compilerVar="CC" />
			<Option compiler="gcc" use="1" buildCommand="make -B nts" />
		</Unit>
		<Unit filename="pg.c">
			<Option compilerVar="CC" />
			<Option compiler="gcc" use="1" buildCommand="make -B pg" />
		</Unit>
		<Unit filename="prototest.c">
			<Option compilerVar="CC" />
			<Option compiler="gcc" use="1" buildCommand="make -B prototest" />
		</Unit>
		<Unit filename="satlite.c">
			<Option compilerVar="CC" />
			<Option compiler="gcc" use="1" buildCommand="make -B satlite" />
		</Unit>
		<Unit filename="soap.c">
			<Option compilerVar="CC" />
			<Option compiler="gcc" use="1" buildCommand="make -B soap" />
		</Unit>
		<Unit filename="todaemon.c">
			<Option compilerVar="CC" />
			<Option compiler="gcc" use="1" buildCommand="make -B glonassd" />
		</Unit>
		<Unit filename="todaemon.h" />
		<Unit filename="wialonips.c">
			<Option compilerVar="CC" />
			<Option compiler="gcc" use="1" buildCommand="make -B wialonips" />
		</Unit>
		<Unit filename="worker.c">
			<Option compilerVar="CC" />
			<Option compiler="gcc" use="1" buildCommand="make -B glonassd" />
		</Unit>
		<Unit filename="worker.h" />
		<Extensions>
			<code_completion />
			<debugger />
		</Extensions>
	</Project>
</CodeBlocks_project_file>
